// !$*UTF8*$!
{
	archiveVersion = 1;
	classes = {
	};
	objectVersion = 46;
	objects = {

/* Begin PBXBuildFile section */
		B612EA1F2089ADA600CEE609 /* AppDelegate.swift in Sources */ = {isa = PBXBuildFile; fileRef = B612EA1E2089ADA600CEE609 /* AppDelegate.swift */; };
		B612EA212089ADA600CEE609 /* ViewController.swift in Sources */ = {isa = PBXBuildFile; fileRef = B612EA202089ADA600CEE609 /* ViewController.swift */; };
		B612EA242089ADA600CEE609 /* Main.storyboard in Resources */ = {isa = PBXBuildFile; fileRef = B612EA222089ADA600CEE609 /* Main.storyboard */; };
		B612EA262089ADA600CEE609 /* Assets.xcassets in Resources */ = {isa = PBXBuildFile; fileRef = B612EA252089ADA600CEE609 /* Assets.xcassets */; };
		B612EA292089ADA600CEE609 /* LaunchScreen.storyboard in Resources */ = {isa = PBXBuildFile; fileRef = B612EA272089ADA600CEE609 /* LaunchScreen.storyboard */; };
		B612EA342089ADA600CEE609 /* sa15aciTests.swift in Sources */ = {isa = PBXBuildFile; fileRef = B612EA332089ADA600CEE609 /* sa15aciTests.swift */; };
		B612EA3F2089ADA600CEE609 /* sa15aciUITests.swift in Sources */ = {isa = PBXBuildFile; fileRef = B612EA3E2089ADA600CEE609 /* sa15aciUITests.swift */; };
		B612EA6A2089ADE900CEE609 /* car0.png in Resources */ = {isa = PBXBuildFile; fileRef = B612EA4C2089ADE900CEE609 /* car0.png */; };
		B612EA6B2089ADE900CEE609 /* car1.png in Resources */ = {isa = PBXBuildFile; fileRef = B612EA4D2089ADE900CEE609 /* car1.png */; };
		B612EA6C2089ADE900CEE609 /* car2.png in Resources */ = {isa = PBXBuildFile; fileRef = B612EA4E2089ADE900CEE609 /* car2.png */; };
		B612EA6D2089ADE900CEE609 /* car3.png in Resources */ = {isa = PBXBuildFile; fileRef = B612EA4F2089ADE900CEE609 /* car3.png */; };
		B612EA6E2089ADE900CEE609 /* car4.png in Resources */ = {isa = PBXBuildFile; fileRef = B612EA502089ADE900CEE609 /* car4.png */; };
		B612EA6F2089ADE900CEE609 /* car5.png in Resources */ = {isa = PBXBuildFile; fileRef = B612EA512089ADE900CEE609 /* car5.png */; };
		B612EA702089ADE900CEE609 /* car6.png in Resources */ = {isa = PBXBuildFile; fileRef = B612EA522089ADE900CEE609 /* car6.png */; };
		B612EA712089ADE900CEE609 /* explosion.png in Resources */ = {isa = PBXBuildFile; fileRef = B612EA532089ADE900CEE609 /* explosion.png */; };
		B612EA722089ADE900CEE609 /* game over page.jpg in Resources */ = {isa = PBXBuildFile; fileRef = B612EA542089ADE900CEE609 /* game over page.jpg */; };
		B612EA732089ADE900CEE609 /* replay.png in Resources */ = {isa = PBXBuildFile; fileRef = B612EA552089ADE900CEE609 /* replay.png */; };
		B612EA742089ADE900CEE609 /* road1.png in Resources */ = {isa = PBXBuildFile; fileRef = B612EA562089ADE900CEE609 /* road1.png */; };
		B612EA752089ADE900CEE609 /* road2.png in Resources */ = {isa = PBXBuildFile; fileRef = B612EA572089ADE900CEE609 /* road2.png */; };
		B612EA762089ADE900CEE609 /* road3.png in Resources */ = {isa = PBXBuildFile; fileRef = B612EA582089ADE900CEE609 /* road3.png */; };
		B612EA772089ADE900CEE609 /* road4.png in Resources */ = {isa = PBXBuildFile; fileRef = B612EA592089ADE900CEE609 /* road4.png */; };
		B612EA782089ADE900CEE609 /* road5.png in Resources */ = {isa = PBXBuildFile; fileRef = B612EA5A2089ADE900CEE609 /* road5.png */; };
		B612EA792089ADE900CEE609 /* road6.png in Resources */ = {isa = PBXBuildFile; fileRef = B612EA5B2089ADE900CEE609 /* road6.png */; };
		B612EA7A2089ADE900CEE609 /* road7.png in Resources */ = {isa = PBXBuildFile; fileRef = B612EA5C2089ADE900CEE609 /* road7.png */; };
		B612EA7B2089ADE900CEE609 /* road8.png in Resources */ = {isa = PBXBuildFile; fileRef = B612EA5D2089ADE900CEE609 /* road8.png */; };
		B612EA7C2089ADE900CEE609 /* road9.png in Resources */ = {isa = PBXBuildFile; fileRef = B612EA5E2089ADE900CEE609 /* road9.png */; };
		B612EA7D2089ADE900CEE609 /* road10.png in Resources */ = {isa = PBXBuildFile; fileRef = B612EA5F2089ADE900CEE609 /* road10.png */; };
		B612EA7E2089ADE900CEE609 /* road11.png in Resources */ = {isa = PBXBuildFile; fileRef = B612EA602089ADE900CEE609 /* road11.png */; };
		B612EA7F2089ADE900CEE609 /* road12.png in Resources */ = {isa = PBXBuildFile; fileRef = B612EA612089ADE900CEE609 /* road12.png */; };
		B612EA802089ADE900CEE609 /* road13.png in Resources */ = {isa = PBXBuildFile; fileRef = B612EA622089ADE900CEE609 /* road13.png */; };
		B612EA812089ADE900CEE609 /* road14.png in Resources */ = {isa = PBXBuildFile; fileRef = B612EA632089ADE900CEE609 /* road14.png */; };
		B612EA822089ADE900CEE609 /* road15.png in Resources */ = {isa = PBXBuildFile; fileRef = B612EA642089ADE900CEE609 /* road15.png */; };
		B612EA832089ADE900CEE609 /* road16.png in Resources */ = {isa = PBXBuildFile; fileRef = B612EA652089ADE900CEE609 /* road16.png */; };
		B612EA842089ADE900CEE609 /* road17.png in Resources */ = {isa = PBXBuildFile; fileRef = B612EA662089ADE900CEE609 /* road17.png */; };
		B612EA852089ADE900CEE609 /* road18.png in Resources */ = {isa = PBXBuildFile; fileRef = B612EA672089ADE900CEE609 /* road18.png */; };
		B612EA862089ADE900CEE609 /* road19.png in Resources */ = {isa = PBXBuildFile; fileRef = B612EA682089ADE900CEE609 /* road19.png */; };
		B612EA872089ADE900CEE609 /* road20.png in Resources */ = {isa = PBXBuildFile; fileRef = B612EA692089ADE900CEE609 /* road20.png */; };
		B612EA892089AE8300CEE609 /* dragCar.swift in Sources */ = {isa = PBXBuildFile; fileRef = B612EA882089AE8300CEE609 /* dragCar.swift */; };
/* End PBXBuildFile section */

/* Begin PBXContainerItemProxy section */
		B612EA302089ADA600CEE609 /* PBXContainerItemProxy */ = {
			isa = PBXContainerItemProxy;
			containerPortal = B612EA132089ADA600CEE609 /* Project object */;
			proxyType = 1;
			remoteGlobalIDString = B612EA1A2089ADA600CEE609;
			remoteInfo = sa15aci;
		};
		B612EA3B2089ADA600CEE609 /* PBXContainerItemProxy */ = {
			isa = PBXContainerItemProxy;
			containerPortal = B612EA132089ADA600CEE609 /* Project object */;
			proxyType = 1;
			remoteGlobalIDString = B612EA1A2089ADA600CEE609;
			remoteInfo = sa15aci;
		};
/* End PBXContainerItemProxy section */

/* Begin PBXFileReference section */
		B612EA1B2089ADA600CEE609 /* sa15aci.app */ = {isa = PBXFileReference; explicitFileType = wrapper.application; includeInIndex = 0; path = sa15aci.app; sourceTree = BUILT_PRODUCTS_DIR; };
		B612EA1E2089ADA600CEE609 /* AppDelegate.swift */ = {isa = PBXFileReference; lastKnownFileType = sourcecode.swift; path = AppDelegate.swift; sourceTree = "<group>"; };
		B612EA202089ADA600CEE609 /* ViewController.swift */ = {isa = PBXFileReference; lastKnownFileType = sourcecode.swift; path = ViewController.swift; sourceTree = "<group>"; };
		B612EA232089ADA600CEE609 /* Base */ = {isa = PBXFileReference; lastKnownFileType = file.storyboard; name = Base; path = Base.lproj/Main.storyboard; sourceTree = "<group>"; };
		B612EA252089ADA600CEE609 /* Assets.xcassets */ = {isa = PBXFileReference; lastKnownFileType = folder.assetcatalog; path = Assets.xcassets; sourceTree = "<group>"; };
		B612EA282089ADA600CEE609 /* Base */ = {isa = PBXFileReference; lastKnownFileType = file.storyboard; name = Base; path = Base.lproj/LaunchScreen.storyboard; sourceTree = "<group>"; };
		B612EA2A2089ADA600CEE609 /* Info.plist */ = {isa = PBXFileReference; lastKnownFileType = text.plist.xml; path = Info.plist; sourceTree = "<group>"; };
		B612EA2F2089ADA600CEE609 /* sa15aciTests.xctest */ = {isa = PBXFileReference; explicitFileType = wrapper.cfbundle; includeInIndex = 0; path = sa15aciTests.xctest; sourceTree = BUILT_PRODUCTS_DIR; };
		B612EA332089ADA600CEE609 /* sa15aciTests.swift */ = {isa = PBXFileReference; lastKnownFileType = sourcecode.swift; path = sa15aciTests.swift; sourceTree = "<group>"; };
		B612EA352089ADA600CEE609 /* Info.plist */ = {isa = PBXFileReference; lastKnownFileType = text.plist.xml; path = Info.plist; sourceTree = "<group>"; };
		B612EA3A2089ADA600CEE609 /* sa15aciUITests.xctest */ = {isa = PBXFileReference; explicitFileType = wrapper.cfbundle; includeInIndex = 0; path = sa15aciUITests.xctest; sourceTree = BUILT_PRODUCTS_DIR; };
		B612EA3E2089ADA600CEE609 /* sa15aciUITests.swift */ = {isa = PBXFileReference; lastKnownFileType = sourcecode.swift; path = sa15aciUITests.swift; sourceTree = "<group>"; };
		B612EA402089ADA600CEE609 /* Info.plist */ = {isa = PBXFileReference; lastKnownFileType = text.plist.xml; path = Info.plist; sourceTree = "<group>"; };
		B612EA4C2089ADE900CEE609 /* car0.png */ = {isa = PBXFileReference; lastKnownFileType = image.png; name = car0.png; path = ../../../Downloads/sa15aci/car0.png; sourceTree = "<group>"; };
		B612EA4D2089ADE900CEE609 /* car1.png */ = {isa = PBXFileReference; lastKnownFileType = image.png; name = car1.png; path = ../../../Downloads/sa15aci/car1.png; sourceTree = "<group>"; };
		B612EA4E2089ADE900CEE609 /* car2.png */ = {isa = PBXFileReference; lastKnownFileType = image.png; name = car2.png; path = ../../../Downloads/sa15aci/car2.png; sourceTree = "<group>"; };
		B612EA4F2089ADE900CEE609 /* car3.png */ = {isa = PBXFileReference; lastKnownFileType = image.png; name = car3.png; path = ../../../Downloads/sa15aci/car3.png; sourceTree = "<group>"; };
		B612EA502089ADE900CEE609 /* car4.png */ = {isa = PBXFileReference; lastKnownFileType = image.png; name = car4.png; path = ../../../Downloads/sa15aci/car4.png; sourceTree = "<group>"; };
		B612EA512089ADE900CEE609 /* car5.png */ = {isa = PBXFileReference; lastKnownFileType = image.png; name = car5.png; path = ../../../Downloads/sa15aci/car5.png; sourceTree = "<group>"; };
		B612EA522089ADE900CEE609 /* car6.png */ = {isa = PBXFileReference; lastKnownFileType = image.png; name = car6.png; path = ../../../Downloads/sa15aci/car6.png; sourceTree = "<group>"; };
		B612EA532089ADE900CEE609 /* explosion.png */ = {isa = PBXFileReference; lastKnownFileType = image.png; name = explosion.png; path = ../../../Downloads/sa15aci/explosion.png; sourceTree = "<group>"; };
		B612EA542089ADE900CEE609 /* game over page.jpg */ = {isa = PBXFileReference; lastKnownFileType = image.jpeg; name = "game over page.jpg"; path = "../../../Downloads/sa15aci/game over page.jpg"; sourceTree = "<group>"; };
		B612EA552089ADE900CEE609 /* replay.png */ = {isa = PBXFileReference; lastKnownFileType = image.png; name = replay.png; path = ../../../Downloads/sa15aci/replay.png; sourceTree = "<group>"; };
		B612EA562089ADE900CEE609 /* road1.png */ = {isa = PBXFileReference; lastKnownFileType = image.png; name = road1.png; path = ../../../Downloads/sa15aci/road1.png; sourceTree = "<group>"; };
		B612EA572089ADE900CEE609 /* road2.png */ = {isa = PBXFileReference; lastKnownFileType = image.png; name = road2.png; path = ../../../Downloads/sa15aci/road2.png; sourceTree = "<group>"; };
		B612EA582089ADE900CEE609 /* road3.png */ = {isa = PBXFileReference; lastKnownFileType = image.png; name = road3.png; path = ../../../Downloads/sa15aci/road3.png; sourceTree = "<group>"; };
		B612EA592089ADE900CEE609 /* road4.png */ = {isa = PBXFileReference; lastKnownFileType = image.png; name = road4.png; path = ../../../Downloads/sa15aci/road4.png; sourceTree = "<group>"; };
		B612EA5A2089ADE900CEE609 /* road5.png */ = {isa = PBXFileReference; lastKnownFileType = image.png; name = road5.png; path = ../../../Downloads/sa15aci/road5.png; sourceTree = "<group>"; };
		B612EA5B2089ADE900CEE609 /* road6.png */ = {isa = PBXFileReference; lastKnownFileType = image.png; name = road6.png; path = ../../../Downloads/sa15aci/road6.png; sourceTree = "<group>"; };
		B612EA5C2089ADE900CEE609 /* road7.png */ = {isa = PBXFileReference; lastKnownFileType = image.png; name = road7.png; path = ../../../Downloads/sa15aci/road7.png; sourceTree = "<group>"; };
		B612EA5D2089ADE900CEE609 /* road8.png */ = {isa = PBXFileReference; lastKnownFileType = image.png; name = road8.png; path = ../../../Downloads/sa15aci/road8.png; sourceTree = "<group>"; };
		B612EA5E2089ADE900CEE609 /* road9.png */ = {isa = PBXFileReference; lastKnownFileType = image.png; name = road9.png; path = ../../../Downloads/sa15aci/road9.png; sourceTree = "<group>"; };
		B612EA5F2089ADE900CEE609 /* road10.png */ = {isa = PBXFileReference; lastKnownFileType = image.png; name = road10.png; path = ../../../Downloads/sa15aci/road10.png; sourceTree = "<group>"; };
		B612EA602089ADE900CEE609 /* road11.png */ = {isa = PBXFileReference; lastKnownFileType = image.png; name = road11.png; path = ../../../Downloads/sa15aci/road11.png; sourceTree = "<group>"; };
		B612EA612089ADE900CEE609 /* road12.png */ = {isa = PBXFileReference; lastKnownFileType = image.png; name = road12.png; path = ../../../Downloads/sa15aci/road12.png; sourceTree = "<group>"; };
		B612EA622089ADE900CEE609 /* road13.png */ = {isa = PBXFileReference; lastKnownFileType = image.png; name = road13.png; path = ../../../Downloads/sa15aci/road13.png; sourceTree = "<group>"; };
		B612EA632089ADE900CEE609 /* road14.png */ = {isa = PBXFileReference; lastKnownFileType = image.png; name = road14.png; path = ../../../Downloads/sa15aci/road14.png; sourceTree = "<group>"; };
		B612EA642089ADE900CEE609 /* road15.png */ = {isa = PBXFileReference; lastKnownFileType = image.png; name = road15.png; path = ../../../Downloads/sa15aci/road15.png; sourceTree = "<group>"; };
		B612EA652089ADE900CEE609 /* road16.png */ = {isa = PBXFileReference; lastKnownFileType = image.png; name = road16.png; path = ../../../Downloads/sa15aci/road16.png; sourceTree = "<group>"; };
		B612EA662089ADE900CEE609 /* road17.png */ = {isa = PBXFileReference; lastKnownFileType = image.png; name = road17.png; path = ../../../Downloads/sa15aci/road17.png; sourceTree = "<group>"; };
		B612EA672089ADE900CEE609 /* road18.png */ = {isa = PBXFileReference; lastKnownFileType = image.png; name = road18.png; path = ../../../Downloads/sa15aci/road18.png; sourceTree = "<group>"; };
		B612EA682089ADE900CEE609 /* road19.png */ = {isa = PBXFileReference; lastKnownFileType = image.png; name = road19.png; path = ../../../Downloads/sa15aci/road19.png; sourceTree = "<group>"; };
		B612EA692089ADE900CEE609 /* road20.png */ = {isa = PBXFileReference; lastKnownFileType = image.png; name = road20.png; path = ../../../Downloads/sa15aci/road20.png; sourceTree = "<group>"; };
		B612EA882089AE8300CEE609 /* dragCar.swift */ = {isa = PBXFileReference; fileEncoding = 4; lastKnownFileType = sourcecode.swift; path = dragCar.swift; sourceTree = "<group>"; };
/* End PBXFileReference section */

/* Begin PBXFrameworksBuildPhase section */
		B612EA182089ADA600CEE609 /* Frameworks */ = {
			isa = PBXFrameworksBuildPhase;
			buildActionMask = 2147483647;
			files = (
			);
			runOnlyForDeploymentPostprocessing = 0;
		};
		B612EA2C2089ADA600CEE609 /* Frameworks */ = {
			isa = PBXFrameworksBuildPhase;
			buildActionMask = 2147483647;
			files = (
			);
			runOnlyForDeploymentPostprocessing = 0;
		};
		B612EA372089ADA600CEE609 /* Frameworks */ = {
			isa = PBXFrameworksBuildPhase;
			buildActionMask = 2147483647;
			files = (
			);
			runOnlyForDeploymentPostprocessing = 0;
		};
/* End PBXFrameworksBuildPhase section */

/* Begin PBXGroup section */
		B612EA122089ADA600CEE609 = {
			isa = PBXGroup;
			children = (
				B612EA1D2089ADA600CEE609 /* sa15aci */,
				B612EA322089ADA600CEE609 /* sa15aciTests */,
				B612EA3D2089ADA600CEE609 /* sa15aciUITests */,
				B612EA1C2089ADA600CEE609 /* Products */,
			);
			sourceTree = "<group>";
		};
		B612EA1C2089ADA600CEE609 /* Products */ = {
			isa = PBXGroup;
			children = (
				B612EA1B2089ADA600CEE609 /* sa15aci.app */,
				B612EA2F2089ADA600CEE609 /* sa15aciTests.xctest */,
				B612EA3A2089ADA600CEE609 /* sa15aciUITests.xctest */,
			);
			name = Products;
			sourceTree = "<group>";
		};
		B612EA1D2089ADA600CEE609 /* sa15aci */ = {
			isa = PBXGroup;
			children = (
				B612EA4C2089ADE900CEE609 /* car0.png */,
				B612EA4D2089ADE900CEE609 /* car1.png */,
				B612EA4E2089ADE900CEE609 /* car2.png */,
				B612EA4F2089ADE900CEE609 /* car3.png */,
				B612EA502089ADE900CEE609 /* car4.png */,
				B612EA512089ADE900CEE609 /* car5.png */,
				B612EA522089ADE900CEE609 /* car6.png */,
				B612EA532089ADE900CEE609 /* explosion.png */,
				B612EA542089ADE900CEE609 /* game over page.jpg */,
				B612EA552089ADE900CEE609 /* replay.png */,
				B612EA562089ADE900CEE609 /* road1.png */,
				B612EA572089ADE900CEE609 /* road2.png */,
				B612EA582089ADE900CEE609 /* road3.png */,
				B612EA592089ADE900CEE609 /* road4.png */,
				B612EA5A2089ADE900CEE609 /* road5.png */,
				B612EA5B2089ADE900CEE609 /* road6.png */,
				B612EA5C2089ADE900CEE609 /* road7.png */,
				B612EA5D2089ADE900CEE609 /* road8.png */,
				B612EA5E2089ADE900CEE609 /* road9.png */,
				B612EA5F2089ADE900CEE609 /* road10.png */,
				B612EA602089ADE900CEE609 /* road11.png */,
				B612EA612089ADE900CEE609 /* road12.png */,
				B612EA622089ADE900CEE609 /* road13.png */,
				B612EA632089ADE900CEE609 /* road14.png */,
				B612EA642089ADE900CEE609 /* road15.png */,
				B612EA652089ADE900CEE609 /* road16.png */,
				B612EA662089ADE900CEE609 /* road17.png */,
				B612EA672089ADE900CEE609 /* road18.png */,
				B612EA682089ADE900CEE609 /* road19.png */,
				B612EA692089ADE900CEE609 /* road20.png */,
				B612EA1E2089ADA600CEE609 /* AppDelegate.swift */,
				B612EA202089ADA600CEE609 /* ViewController.swift */,
				B612EA222089ADA600CEE609 /* Main.storyboard */,
				B612EA882089AE8300CEE609 /* dragCar.swift */,
				B612EA252089ADA600CEE609 /* Assets.xcassets */,
				B612EA272089ADA600CEE609 /* LaunchScreen.storyboard */,
				B612EA2A2089ADA600CEE609 /* Info.plist */,
			);
			path = sa15aci;
			sourceTree = "<group>";
		};
		B612EA322089ADA600CEE609 /* sa15aciTests */ = {
			isa = PBXGroup;
			children = (
				B612EA332089ADA600CEE609 /* sa15aciTests.swift */,
				B612EA352089ADA600CEE609 /* Info.plist */,
			);
			path = sa15aciTests;
			sourceTree = "<group>";
		};
		B612EA3D2089ADA600CEE609 /* sa15aciUITests */ = {
			isa = PBXGroup;
			children = (
				B612EA3E2089ADA600CEE609 /* sa15aciUITests.swift */,
				B612EA402089ADA600CEE609 /* Info.plist */,
			);
			path = sa15aciUITests;
			sourceTree = "<group>";
		};
/* End PBXGroup section */

/* Begin PBXNativeTarget section */
		B612EA1A2089ADA600CEE609 /* sa15aci */ = {
			isa = PBXNativeTarget;
			buildConfigurationList = B612EA432089ADA600CEE609 /* Build configuration list for PBXNativeTarget "sa15aci" */;
			buildPhases = (
				B612EA172089ADA600CEE609 /* Sources */,
				B612EA182089ADA600CEE609 /* Frameworks */,
				B612EA192089ADA600CEE609 /* Resources */,
			);
			buildRules = (
			);
			dependencies = (
			);
			name = sa15aci;
			productName = sa15aci;
			productReference = B612EA1B2089ADA600CEE609 /* sa15aci.app */;
			productType = "com.apple.product-type.application";
		};
		B612EA2E2089ADA600CEE609 /* sa15aciTests */ = {
			isa = PBXNativeTarget;
			buildConfigurationList = B612EA462089ADA600CEE609 /* Build configuration list for PBXNativeTarget "sa15aciTests" */;
			buildPhases = (
				B612EA2B2089ADA600CEE609 /* Sources */,
				B612EA2C2089ADA600CEE609 /* Frameworks */,
				B612EA2D2089ADA600CEE609 /* Resources */,
			);
			buildRules = (
			);
			dependencies = (
				B612EA312089ADA600CEE609 /* PBXTargetDependency */,
			);
			name = sa15aciTests;
			productName = sa15aciTests;
			productReference = B612EA2F2089ADA600CEE609 /* sa15aciTests.xctest */;
			productType = "com.apple.product-type.bundle.unit-test";
		};
		B612EA392089ADA600CEE609 /* sa15aciUITests */ = {
			isa = PBXNativeTarget;
			buildConfigurationList = B612EA492089ADA600CEE609 /* Build configuration list for PBXNativeTarget "sa15aciUITests" */;
			buildPhases = (
				B612EA362089ADA600CEE609 /* Sources */,
				B612EA372089ADA600CEE609 /* Frameworks */,
				B612EA382089ADA600CEE609 /* Resources */,
			);
			buildRules = (
			);
			dependencies = (
				B612EA3C2089ADA600CEE609 /* PBXTargetDependency */,
			);
			name = sa15aciUITests;
			productName = sa15aciUITests;
			productReference = B612EA3A2089ADA600CEE609 /* sa15aciUITests.xctest */;
			productType = "com.apple.product-type.bundle.ui-testing";
		};
/* End PBXNativeTarget section */

/* Begin PBXProject section */
		B612EA132089ADA600CEE609 /* Project object */ = {
			isa = PBXProject;
			attributes = {
				LastSwiftUpdateCheck = 0830;
				LastUpgradeCheck = 0830;
				ORGANIZATIONNAME = sa15ach;
				TargetAttributes = {
					B612EA1A2089ADA600CEE609 = {
						CreatedOnToolsVersion = 8.3.3;
						ProvisioningStyle = Automatic;
					};
					B612EA2E2089ADA600CEE609 = {
						CreatedOnToolsVersion = 8.3.3;
						ProvisioningStyle = Automatic;
						TestTargetID = B612EA1A2089ADA600CEE609;
					};
					B612EA392089ADA600CEE609 = {
						CreatedOnToolsVersion = 8.3.3;
						ProvisioningStyle = Automatic;
						TestTargetID = B612EA1A2089ADA600CEE609;
					};
				};
			};
			buildConfigurationList = B612EA162089ADA600CEE609 /* Build configuration list for PBXProject "sa15aci" */;
			compatibilityVersion = "Xcode 3.2";
			developmentRegion = English;
			hasScannedForEncodings = 0;
			knownRegions = (
				en,
				Base,
			);
			mainGroup = B612EA122089ADA600CEE609;
			productRefGroup = B612EA1C2089ADA600CEE609 /* Products */;
			projectDirPath = "";
			projectRoot = "";
			targets = (
				B612EA1A2089ADA600CEE609 /* sa15aci */,
				B612EA2E2089ADA600CEE609 /* sa15aciTests */,
				B612EA392089ADA600CEE609 /* sa15aciUITests */,
			);
		};
/* End PBXProject section */

/* Begin PBXResourcesBuildPhase section */
		B612EA192089ADA600CEE609 /* Resources */ = {
			isa = PBXResourcesBuildPhase;
			buildActionMask = 2147483647;
			files = (
				B612EA292089ADA600CEE609 /* LaunchScreen.storyboard in Resources */,
				B612EA802089ADE900CEE609 /* road13.png in Resources */,
				B612EA742089ADE900CEE609 /* road1.png in Resources */,
				B612EA702089ADE900CEE609 /* car6.png in Resources */,
				B612EA782089ADE900CEE609 /* road5.png in Resources */,
				B612EA872089ADE900CEE609 /* road20.png in Resources */,
				B612EA6B2089ADE900CEE609 /* car1.png in Resources */,
				B612EA7C2089ADE900CEE609 /* road9.png in Resources */,
				B612EA6F2089ADE900CEE609 /* car5.png in Resources */,
				B612EA762089ADE900CEE609 /* road3.png in Resources */,
				B612EA722089ADE900CEE609 /* game over page.jpg in Resources */,
				B612EA6A2089ADE900CEE609 /* car0.png in Resources */,
				B612EA792089ADE900CEE609 /* road6.png in Resources */,
				B612EA812089ADE900CEE609 /* road14.png in Resources */,
				B612EA862089ADE900CEE609 /* road19.png in Resources */,
				B612EA7F2089ADE900CEE609 /* road12.png in Resources */,
				B612EA772089ADE900CEE609 /* road4.png in Resources */,
				B612EA262089ADA600CEE609 /* Assets.xcassets in Resources */,
				B612EA242089ADA600CEE609 /* Main.storyboard in Resources */,
				B612EA822089ADE900CEE609 /* road15.png in Resources */,
				B612EA6E2089ADE900CEE609 /* car4.png in Resources */,
				B612EA852089ADE900CEE609 /* road18.png in Resources */,
				B612EA6C2089ADE900CEE609 /* car2.png in Resources */,
				B612EA7B2089ADE900CEE609 /* road8.png in Resources */,
				B612EA842089ADE900CEE609 /* road17.png in Resources */,
				B612EA832089ADE900CEE609 /* road16.png in Resources */,
				B612EA732089ADE900CEE609 /* replay.png in Resources */,
				B612EA752089ADE900CEE609 /* road2.png in Resources */,
				B612EA7A2089ADE900CEE609 /* road7.png in Resources */,
				B612EA6D2089ADE900CEE609 /* car3.png in Resources */,
				B612EA7E2089ADE900CEE609 /* road11.png in Resources */,
				B612EA712089ADE900CEE609 /* explosion.png in Resources */,
				B612EA7D2089ADE900CEE609 /* road10.png in Resources */,
			);
			runOnlyForDeploymentPostprocessing = 0;
		};
		B612EA2D2089ADA600CEE609 /* Resources */ = {
			isa = PBXResourcesBuildPhase;
			buildActionMask = 2147483647;
			files = (
			);
			runOnlyForDeploymentPostprocessing = 0;
		};
		B612EA382089ADA600CEE609 /* Resources */ = {
			isa = PBXResourcesBuildPhase;
			buildActionMask = 2147483647;
			files = (
			);
			runOnlyForDeploymentPostprocessing = 0;
		};
/* End PBXResourcesBuildPhase section */

/* Begin PBXSourcesBuildPhase section */
		B612EA172089ADA600CEE609 /* Sources */ = {
			isa = PBXSourcesBuildPhase;
			buildActionMask = 2147483647;
			files = (
				B612EA892089AE8300CEE609 /* dragCar.swift in Sources */,
				B612EA212089ADA600CEE609 /* ViewController.swift in Sources */,
				B612EA1F2089ADA600CEE609 /* AppDelegate.swift in Sources */,
			);
			runOnlyForDeploymentPostprocessing = 0;
		};
		B612EA2B2089ADA600CEE609 /* Sources */ = {
			isa = PBXSourcesBuildPhase;
			buildActionMask = 2147483647;
			files = (
				B612EA342089ADA600CEE609 /* sa15aciTests.swift in Sources */,
			);
			runOnlyForDeploymentPostprocessing = 0;
		};
		B612EA362089ADA600CEE609 /* Sources */ = {
			isa = PBXSourcesBuildPhase;
			buildActionMask = 2147483647;
			files = (
				B612EA3F2089ADA600CEE609 /* sa15aciUITests.swift in Sources */,
			);
			runOnlyForDeploymentPostprocessing = 0;
		};
/* End PBXSourcesBuildPhase section */

/* Begin PBXTargetDependency section */
		B612EA312089ADA600CEE609 /* PBXTargetDependency */ = {
			isa = PBXTargetDependency;
			target = B612EA1A2089ADA600CEE609 /* sa15aci */;
			targetProxy = B612EA302089ADA600CEE609 /* PBXContainerItemProxy */;
		};
		B612EA3C2089ADA600CEE609 /* PBXTargetDependency */ = {
			isa = PBXTargetDependency;
			target = B612EA1A2089ADA600CEE609 /* sa15aci */;
			targetProxy = B612EA3B2089ADA600CEE609 /* PBXContainerItemProxy */;
		};
/* End PBXTargetDependency section */

/* Begin PBXVariantGroup section */
		B612EA222089ADA600CEE609 /* Main.storyboard */ = {
			isa = PBXVariantGroup;
			children = (
				B612EA232089ADA600CEE609 /* Base */,
			);
			name = Main.storyboard;
			sourceTree = "<group>";
		};
		B612EA272089ADA600CEE609 /* LaunchScreen.storyboard */ = {
			isa = PBXVariantGroup;
			children = (
				B612EA282089ADA600CEE609 /* Base */,
			);
			name = LaunchScreen.storyboard;
			sourceTree = "<group>";
		};
/* End PBXVariantGroup section */

/* Begin XCBuildConfiguration section */
		B612EA412089ADA600CEE609 /* Debug */ = {
			isa = XCBuildConfiguration;
			buildSettings = {
				ALWAYS_SEARCH_USER_PATHS = NO;
				CLANG_ANALYZER_NONNULL = YES;
				CLANG_ANALYZER_NUMBER_OBJECT_CONVERSION = YES_AGGRESSIVE;
				CLANG_CXX_LANGUAGE_STANDARD = "gnu++0x";
				CLANG_CXX_LIBRARY = "libc++";
				CLANG_ENABLE_MODULES = YES;
				CLANG_ENABLE_OBJC_ARC = YES;
				CLANG_WARN_BOOL_CONVERSION = YES;
				CLANG_WARN_CONSTANT_CONVERSION = YES;
				CLANG_WARN_DIRECT_OBJC_ISA_USAGE = YES_ERROR;
				CLANG_WARN_DOCUMENTATION_COMMENTS = YES;
				CLANG_WARN_EMPTY_BODY = YES;
				CLANG_WARN_ENUM_CONVERSION = YES;
				CLANG_WARN_INFINITE_RECURSION = YES;
				CLANG_WARN_INT_CONVERSION = YES;
				CLANG_WARN_OBJC_ROOT_CLASS = YES_ERROR;
				CLANG_WARN_SUSPICIOUS_MOVE = YES;
				CLANG_WARN_UNREACHABLE_CODE = YES;
				CLANG_WARN__DUPLICATE_METHOD_MATCH = YES;
				"CODE_SIGN_IDENTITY[sdk=iphoneos*]" = "iPhone Developer";
				COPY_PHASE_STRIP = NO;
				DEBUG_INFORMATION_FORMAT = dwarf;
				ENABLE_STRICT_OBJC_MSGSEND = YES;
				ENABLE_TESTABILITY = YES;
				GCC_C_LANGUAGE_STANDARD = gnu99;
				GCC_DYNAMIC_NO_PIC = NO;
				GCC_NO_COMMON_BLOCKS = YES;
				GCC_OPTIMIZATION_LEVEL = 0;
				GCC_PREPROCESSOR_DEFINITIONS = (
					"DEBUG=1",
					"$(inherited)",
				);
				GCC_WARN_64_TO_32_BIT_CONVERSION = YES;
				GCC_WARN_ABOUT_RETURN_TYPE = YES_ERROR;
				GCC_WARN_UNDECLARED_SELECTOR = YES;
				GCC_WARN_UNINITIALIZED_AUTOS = YES_AGGRESSIVE;
				GCC_WARN_UNUSED_FUNCTION = YES;
				GCC_WARN_UNUSED_VARIABLE = YES;
				IPHONEOS_DEPLOYMENT_TARGET = 10.3;
				MTL_ENABLE_DEBUG_INFO = YES;
				ONLY_ACTIVE_ARCH = YES;
				SDKROOT = iphoneos;
				SWIFT_ACTIVE_COMPILATION_CONDITIONS = DEBUG;
				SWIFT_OPTIMIZATION_LEVEL = "-Onone";
				TARGETED_DEVICE_FAMILY = "1,2";
			};
			name = Debug;
		};
		B612EA422089ADA600CEE609 /* Release */ = {
			isa = XCBuildConfiguration;
			buildSettings = {
				ALWAYS_SEARCH_USER_PATHS = NO;
				CLANG_ANALYZER_NONNULL = YES;
				CLANG_ANALYZER_NUMBER_OBJECT_CONVERSION = YES_AGGRESSIVE;
				CLANG_CXX_LANGUAGE_STANDARD = "gnu++0x";
				CLANG_CXX_LIBRARY = "libc++";
				CLANG_ENABLE_MODULES = YES;
				CLANG_ENABLE_OBJC_ARC = YES;
				CLANG_WARN_BOOL_CONVERSION = YES;
				CLANG_WARN_CONSTANT_CONVERSION = YES;
				CLANG_WARN_DIRECT_OBJC_ISA_USAGE = YES_ERROR;
				CLANG_WARN_DOCUMENTATION_COMMENTS = YES;
				CLANG_WARN_EMPTY_BODY = YES;
				CLANG_WARN_ENUM_CONVERSION = YES;
				CLANG_WARN_INFINITE_RECURSION = YES;
				CLANG_WARN_INT_CONVERSION = YES;
				CLANG_WARN_OBJC_ROOT_CLASS = YES_ERROR;
				CLANG_WARN_SUSPICIOUS_MOVE = YES;
				CLANG_WARN_UNREACHABLE_CODE = YES;
				CLANG_WARN__DUPLICATE_METHOD_MATCH = YES;
				"CODE_SIGN_IDENTITY[sdk=iphoneos*]" = "iPhone Developer";
				COPY_PHASE_STRIP = NO;
				DEBUG_INFORMATION_FORMAT = "dwarf-with-dsym";
				ENABLE_NS_ASSERTIONS = NO;
				ENABLE_STRICT_OBJC_MSGSEND = YES;
				GCC_C_LANGUAGE_STANDARD = gnu99;
				GCC_NO_COMMON_BLOCKS = YES;
				GCC_WARN_64_TO_32_BIT_CONVERSION = YES;
				GCC_WARN_ABOUT_RETURN_TYPE = YES_ERROR;
				GCC_WARN_UNDECLARED_SELECTOR = YES;
				GCC_WARN_UNINITIALIZED_AUTOS = YES_AGGRESSIVE;
				GCC_WARN_UNUSED_FUNCTION = YES;
				GCC_WARN_UNUSED_VARIABLE = YES;
				IPHONEOS_DEPLOYMENT_TARGET = 10.3;
				MTL_ENABLE_DEBUG_INFO = NO;
				SDKROOT = iphoneos;
				SWIFT_OPTIMIZATION_LEVEL = "-Owholemodule";
				TARGETED_DEVICE_FAMILY = "1,2";
				VALIDATE_PRODUCT = YES;
			};
			name = Release;
		};
		B612EA442089ADA600CEE609 /* Debug */ = {
			isa = XCBuildConfiguration;
			buildSettings = {
				ASSETCATALOG_COMPILER_APPICON_NAME = AppIcon;
				INFOPLIST_FILE = sa15aci/Info.plist;
				LD_RUNPATH_SEARCH_PATHS = "$(inherited) @executable_path/Frameworks";
				PRODUCT_BUNDLE_IDENTIFIER = BarradeStudio.sa15aci;
				PRODUCT_NAME = "$(TARGET_NAME)";
				SWIFT_VERSION = 3.0;
			};
			name = Debug;
		};
		B612EA452089ADA600CEE609 /* Release */ = {
			isa = XCBuildConfiguration;
			buildSettings = {
				ASSETCATALOG_COMPILER_APPICON_NAME = AppIcon;
				INFOPLIST_FILE = sa15aci/Info.plist;
				LD_RUNPATH_SEARCH_PATHS = "$(inherited) @executable_path/Frameworks";
				PRODUCT_BUNDLE_IDENTIFIER = BarradeStudio.sa15aci;
				PRODUCT_NAME = "$(TARGET_NAME)";
				SWIFT_VERSION = 3.0;
			};
			name = Release;
		};
		B612EA472089ADA600CEE609 /* Debug */ = {
			isa = XCBuildConfiguration;
			buildSettings = {
				ALWAYS_EMBED_SWIFT_STANDARD_LIBRARIES = YES;
				BUNDLE_LOADER = "$(TEST_HOST)";
				INFOPLIST_FILE = sa15aciTests/Info.plist;
				LD_RUNPATH_SEARCH_PATHS = "$(inherited) @executable_path/Frameworks @loader_path/Frameworks";
				PRODUCT_BUNDLE_IDENTIFIER = BarradeStudio.sa15aciTests;
				PRODUCT_NAME = "$(TARGET_NAME)";
				SWIFT_VERSION = 3.0;
				TEST_HOST = "$(BUILT_PRODUCTS_DIR)/sa15aci.app/sa15aci";
			};
			name = Debug;
		};
		B612EA482089ADA600CEE609 /* Release */ = {
			isa = XCBuildConfiguration;
			buildSettings = {
				ALWAYS_EMBED_SWIFT_STANDARD_LIBRARIES = YES;
				BUNDLE_LOADER = "$(TEST_HOST)";
				INFOPLIST_FILE = sa15aciTests/Info.plist;
				LD_RUNPATH_SEARCH_PATHS = "$(inherited) @executable_path/Frameworks @loader_path/Frameworks";
				PRODUCT_BUNDLE_IDENTIFIER = BarradeStudio.sa15aciTests;
				PRODUCT_NAME = "$(TARGET_NAME)";
				SWIFT_VERSION = 3.0;
				TEST_HOST = "$(BUILT_PRODUCTS_DIR)/sa15aci.app/sa15aci";
			};
			name = Release;
		};
		B612EA4A2089ADA600CEE609 /* Debug */ = {
			isa = XCBuildConfiguration;
			buildSettings = {
				ALWAYS_EMBED_SWIFT_STANDARD_LIBRARIES = YES;
				INFOPLIST_FILE = sa15aciUITests/Info.plist;
				LD_RUNPATH_SEARCH_PATHS = "$(inherited) @executable_path/Frameworks @loader_path/Frameworks";
				PRODUCT_BUNDLE_IDENTIFIER = BarradeStudio.sa15aciUITests;
				PRODUCT_NAME = "$(TARGET_NAME)";
				SWIFT_VERSION = 3.0;
				TEST_TARGET_NAME = sa15aci;
			};
			name = Debug;
		};
		B612EA4B2089ADA600CEE609 /* Release */ = {
			isa = XCBuildConfiguration;
			buildSettings = {
				ALWAYS_EMBED_SWIFT_STANDARD_LIBRARIES = YES;
				INFOPLIST_FILE = sa15aciUITests/Info.plist;
				LD_RUNPATH_SEARCH_PATHS = "$(inherited) @executable_path/Frameworks @loader_path/Frameworks";
				PRODUCT_BUNDLE_IDENTIFIER = BarradeStudio.sa15aciUITests;
				PRODUCT_NAME = "$(TARGET_NAME)";
				SWIFT_VERSION = 3.0;
				TEST_TARGET_NAME = sa15aci;
			};
			name = Release;
		};
/* End XCBuildConfiguration section */

/* Begin XCConfigurationList section */
		B612EA162089ADA600CEE609 /* Build configuration list for PBXProject "sa15aci" */ = {
			isa = XCConfigurationList;
			buildConfigurations = (
				B612EA412089ADA600CEE609 /* Debug */,
				B612EA422089ADA600CEE609 /* Release */,
			);
			defaultConfigurationIsVisible = 0;
			defaultConfigurationName = Release;
		};
		B612EA432089ADA600CEE609 /* Build configuration list for PBXNativeTarget "sa15aci" */ = {
			isa = XCConfigurationList;
			buildConfigurations = (
				B612EA442089ADA600CEE609 /* Debug */,
				B612EA452089ADA600CEE609 /* Release */,
			);
			defaultConfigurationIsVisible = 0;
		};
		B612EA462089ADA600CEE609 /* Build configuration list for PBXNativeTarget "sa15aciTests" */ = {
			isa = XCConfigurationList;
			buildConfigurations = (
				B612EA472089ADA600CEE609 /* Debug */,
				B612EA482089ADA600CEE609 /* Release */,
			);
			defaultConfigurationIsVisible = 0;
		};
		B612EA492089ADA600CEE609 /* Build configuration list for PBXNativeTarget "sa15aciUITests" */ = {
			isa = XCConfigurationList;
			buildConfigurations = (
				B612EA4A2089ADA600CEE609 /* Debug */,
				B612EA4B2089ADA600CEE609 /* Release */,
			);
			defaultConfigurationIsVisible = 0;
		};
/* End XCConfigurationList section */
	};
	rootObject = B612EA132089ADA600CEE609 /* Project object */;
}
